
Microsoft Visual Studio Solution File, Format Version 12.00
# Visual Studio Version 16
VisualStudioVersion = 16.0.30413.136
MinimumVisualStudioVersion = 10.0.40219.1
Project("{FAE04EC0-301F-11D3-BF4B-00C04F79EFBC}") = "UI", "UI\UI.csproj", "{D49449B6-76AD-4F36-920F-C9B640EC732A}"
EndProject
Project("{FAE04EC0-301F-11D3-BF4B-00C04F79EFBC}") = "Model", "Model\Model.csproj", "{AE13C3B2-42B3-452D-9FD2-C822FAF9BAF7}"
EndProject
Project("{FAE04EC0-301F-11D3-BF4B-00C04F79EFBC}") = "Tests", "Tests\Tests.csproj", "{626D994D-B8C6-4562-8F15-23871730A74F}"
EndProject
Global
	GlobalSection(SolutionConfigurationPlatforms) = preSolution
		Debug|Any CPU = Debug|Any CPU
		Release|Any CPU = Release|Any CPU
	EndGlobalSection
	GlobalSection(ProjectConfigurationPlatforms) = postSolution
		{D49449B6-76AD-4F36-920F-C9B640EC732A}.Debug|Any CPU.ActiveCfg = Debug|Any CPU
		{D49449B6-76AD-4F36-920F-C9B640EC732A}.Debug|Any CPU.Build.0 = Debug|Any CPU
		{D49449B6-76AD-4F36-920F-C9B640EC732A}.Release|Any CPU.ActiveCfg = Release|Any CPU
		{D49449B6-76AD-4F36-920F-C9B640EC732A}.Release|Any CPU.Build.0 = Release|Any CPU
		{AE13C3B2-42B3-452D-9FD2-C822FAF9BAF7}.Debug|Any CPU.ActiveCfg = Debug|Any CPU
		{AE13C3B2-42B3-452D-9FD2-C822FAF9BAF7}.Debug|Any CPU.Build.0 = Debug|Any CPU
		{AE13C3B2-42B3-452D-9FD2-C822FAF9BAF7}.Release|Any CPU.ActiveCfg = Release|Any CPU
		{AE13C3B2-42B3-452D-9FD2-C822FAF9BAF7}.Release|Any CPU.Build.0 = Release|Any CPU
		{626D994D-B8C6-4562-8F15-23871730A74F}.Debug|Any CPU.ActiveCfg = Debug|Any CPU
		{626D994D-B8C6-4562-8F15-23871730A74F}.Debug|Any CPU.Build.0 = Debug|Any CPU
		{626D994D-B8C6-4562-8F15-23871730A74F}.Release|Any CPU.ActiveCfg = Release|Any CPU
		{626D994D-B8C6-4562-8F15-23871730A74F}.Release|Any CPU.Build.0 = Release|Any CPU
	EndGlobalSection
	GlobalSection(SolutionProperties) = preSolution
		HideSolutionNode = FALSE
	EndGlobalSection
	GlobalSection(ExtensibilityGlobals) = postSolution
		SolutionGuid = {5AA9587B-3F93-4ABE-8C6B-AB1ACBB4F210}
	EndGlobalSection
EndGlobal
